
Microsoft Visual Studio Solution File, Format Version 12.00
# Visual Studio 15
VisualStudioVersion = 15.0.28307.645
MinimumVisualStudioVersion = 10.0.40219.1
Project("{8BC9CEB8-8B4A-11D0-8D11-00A0C91BC942}") = "RegistryDemo", "RegistryDemo.vcxproj", "{FD273BB8-21DE-425F-BD6D-F6ADB89FDCBF}"
EndProject
Global
	GlobalSection(SolutionConfigurationPlatforms) = preSolution
		Debug|x86 = Debug|x86
		Release_Shared|x86 = Release_Shared|x86
		Release|x86 = Release|x86
		Unicode_Debug|x86 = Unicode_Debug|x86
		Unicode_Release|x86 = Unicode_Release|x86
	EndGlobalSection
	GlobalSection(ProjectConfigurationPlatforms) = postSolution
		{FD273BB8-21DE-425F-BD6D-F6ADB89FDCBF}.Debug|x86.ActiveCfg = Debug|Win32
		{FD273BB8-21DE-425F-BD6D-F6ADB89FDCBF}.Debug|x86.Build.0 = Debug|Win32
		{FD273BB8-21DE-425F-BD6D-F6ADB89FDCBF}.Release_Shared|x86.ActiveCfg = Release_Shared|Win32
		{FD273BB8-21DE-425F-BD6D-F6ADB89FDCBF}.Release_Shared|x86.Build.0 = Release_Shared|Win32
		{FD273BB8-21DE-425F-BD6D-F6ADB89FDCBF}.Release|x86.ActiveCfg = Release|Win32
		{FD273BB8-21DE-425F-BD6D-F6ADB89FDCBF}.Release|x86.Build.0 = Release|Win32
		{FD273BB8-21DE-425F-BD6D-F6ADB89FDCBF}.Unicode_Debug|x86.ActiveCfg = Unicode_Debug|Win32
		{FD273BB8-21DE-425F-BD6D-F6ADB89FDCBF}.Unicode_Debug|x86.Build.0 = Unicode_Debug|Win32
		{FD273BB8-21DE-425F-BD6D-F6ADB89FDCBF}.Unicode_Release|x86.ActiveCfg = Unicode_Release|Win32
		{FD273BB8-21DE-425F-BD6D-F6ADB89FDCBF}.Unicode_Release|x86.Build.0 = Unicode_Release|Win32
	EndGlobalSection
	GlobalSection(SolutionProperties) = preSolution
		HideSolutionNode = FALSE
	EndGlobalSection
	GlobalSection(ExtensibilityGlobals) = postSolution
		SolutionGuid = {F810F02C-B4A5-4E3C-A506-71EC14005695}
	EndGlobalSection
EndGlobal
