
Microsoft Visual Studio Solution File, Format Version 12.00
# Visual Studio 15
VisualStudioVersion = 15.0.28307.645
MinimumVisualStudioVersion = 10.0.40219.1
Project("{8BC9CEB8-8B4A-11D0-8D11-00A0C91BC942}") = "RegistryDemo", "RegistryDemo.vcxproj", "{27612016-AFEF-4476-BE82-3521871FD8B3}"
EndProject
Global
	GlobalSection(SolutionConfigurationPlatforms) = preSolution
		Debug|x86 = Debug|x86
		Release_Shared|x86 = Release_Shared|x86
		Release|x86 = Release|x86
		Unicode_Debug|x86 = Unicode_Debug|x86
		Unicode_Release|x86 = Unicode_Release|x86
	EndGlobalSection
	GlobalSection(ProjectConfigurationPlatforms) = postSolution
		{27612016-AFEF-4476-BE82-3521871FD8B3}.Debug|x86.ActiveCfg = Debug|Win32
		{27612016-AFEF-4476-BE82-3521871FD8B3}.Debug|x86.Build.0 = Debug|Win32
		{27612016-AFEF-4476-BE82-3521871FD8B3}.Release_Shared|x86.ActiveCfg = Release_Shared|Win32
		{27612016-AFEF-4476-BE82-3521871FD8B3}.Release_Shared|x86.Build.0 = Release_Shared|Win32
		{27612016-AFEF-4476-BE82-3521871FD8B3}.Release|x86.ActiveCfg = Release|Win32
		{27612016-AFEF-4476-BE82-3521871FD8B3}.Release|x86.Build.0 = Release|Win32
		{27612016-AFEF-4476-BE82-3521871FD8B3}.Unicode_Debug|x86.ActiveCfg = Unicode_Debug|Win32
		{27612016-AFEF-4476-BE82-3521871FD8B3}.Unicode_Debug|x86.Build.0 = Unicode_Debug|Win32
		{27612016-AFEF-4476-BE82-3521871FD8B3}.Unicode_Release|x86.ActiveCfg = Unicode_Release|Win32
		{27612016-AFEF-4476-BE82-3521871FD8B3}.Unicode_Release|x86.Build.0 = Unicode_Release|Win32
	EndGlobalSection
	GlobalSection(SolutionProperties) = preSolution
		HideSolutionNode = FALSE
	EndGlobalSection
	GlobalSection(ExtensibilityGlobals) = postSolution
		SolutionGuid = {E3405162-D853-4801-8BDF-D3655D95E5AA}
	EndGlobalSection
EndGlobal
