<?xml version="1.0" encoding="utf-8"?>
<Project ToolsVersion="4.0" xmlns="http://schemas.microsoft.com/developer/msbuild/2003">
  <ItemGroup>
    <Filter Include="Source Files">
      <UniqueIdentifier>{489fea60-443a-4489-a6a9-85750b9a9036}</UniqueIdentifier>
      <Extensions>cpp;c;cxx;rc;def;r;odl;idl;hpj;bat</Extensions>
    </Filter>
    <Filter Include="Source Files\UTBSource">
      <UniqueIdentifier>{79acd41c-213e-4a02-9dc6-18ee6cd3cd3e}</UniqueIdentifier>
    </Filter>
    <Filter Include="Header Files">
      <UniqueIdentifier>{737099f7-ebd2-41ea-8593-d78c5ed776bf}</UniqueIdentifier>
      <Extensions>h;hpp;hxx;hm;inl</Extensions>
    </Filter>
    <Filter Include="Resource Files">
      <UniqueIdentifier>{71f7c3ce-f3f2-484a-840b-5146989239f3}</UniqueIdentifier>
      <Extensions>ico;cur;bmp;dlg;rc2;rct;bin;cnt;rtf;gif;jpg;jpeg;jpe</Extensions>
    </Filter>
  </ItemGroup>
  <ItemGroup>
    <ClCompile Include="..\..\..\source\UTSampleAbout\HtmlCtrl.cpp">
      <Filter>Source Files\UTBSource</Filter>
    </ClCompile>
    <ClCompile Include="..\..\..\Source\OXBitmapButton.cpp">
      <Filter>Source Files\UTBSource</Filter>
    </ClCompile>
    <ClCompile Include="..\..\..\Source\OXColorPickerButton.cpp">
      <Filter>Source Files\UTBSource</Filter>
    </ClCompile>
    <ClCompile Include="..\..\..\Source\OXColorPickerCtrl.cpp">
      <Filter>Source Files\UTBSource</Filter>
    </ClCompile>
    <ClCompile Include="..\..\..\Source\OXFontPickerButton.cpp">
      <Filter>Source Files\UTBSource</Filter>
    </ClCompile>
    <ClCompile Include="..\..\..\Source\OXPopupBarCtrl.cpp">
      <Filter>Source Files\UTBSource</Filter>
    </ClCompile>
    <ClCompile Include="..\..\..\Source\OXSeparator.cpp">
      <Filter>Source Files\UTBSource</Filter>
    </ClCompile>
    <ClCompile Include="..\..\..\Source\OXStatic.cpp">
      <Filter>Source Files\UTBSource</Filter>
    </ClCompile>
    <ClCompile Include="..\..\..\Source\OXToolTipCtrl.cpp">
      <Filter>Source Files\UTBSource</Filter>
    </ClCompile>
    <ClCompile Include="..\..\..\source\UTBStrOp.cpp">
      <Filter>Source Files\UTBSource</Filter>
    </ClCompile>
    <ClCompile Include="..\..\..\Source\UTSampleAbout\UTSampleAbout.cpp">
      <Filter>Source Files\UTBSource</Filter>
    </ClCompile>
    <ClCompile Include="StdAfx.cpp">
      <Filter>Source Files</Filter>
    </ClCompile>
    <ClCompile Include="ToolTipEx.cpp">
      <Filter>Source Files</Filter>
    </ClCompile>
    <ClCompile Include="ToolTipExDlg.cpp">
      <Filter>Source Files</Filter>
    </ClCompile>
  </ItemGroup>
  <ItemGroup>
    <ResourceCompile Include="ToolTipEx.rc">
      <Filter>Source Files</Filter>
    </ResourceCompile>
  </ItemGroup>
  <ItemGroup>
    <ClInclude Include="..\..\..\Include\OXColorPickerButton.h">
      <Filter>Header Files</Filter>
    </ClInclude>
    <ClInclude Include="..\..\..\Include\OXColorPickerCtrl.h">
      <Filter>Header Files</Filter>
    </ClInclude>
    <ClInclude Include="..\..\..\Include\OXToolTipCtrl.h">
      <Filter>Header Files</Filter>
    </ClInclude>
    <ClInclude Include="Resource.h">
      <Filter>Header Files</Filter>
    </ClInclude>
    <ClInclude Include="StdAfx.h">
      <Filter>Header Files</Filter>
    </ClInclude>
    <ClInclude Include="ToolTipCtrlEx.h">
      <Filter>Header Files</Filter>
    </ClInclude>
    <ClInclude Include="ToolTipEx.h">
      <Filter>Header Files</Filter>
    </ClInclude>
    <ClInclude Include="ToolTipExDlg.h">
      <Filter>Header Files</Filter>
    </ClInclude>
  </ItemGroup>
  <ItemGroup>
    <Image Include="res\ToolTipEx.ico">
      <Filter>Resource Files</Filter>
    </Image>
  </ItemGroup>
  <ItemGroup>
    <Text Include="ReadMe.txt" />
  </ItemGroup>
  <ItemGroup>
    <Manifest Include="ToolTipEx.exe.manifest" />
  </ItemGroup>
  <ItemGroup>
    <CustomBuild Include="res\ToolTipEx.rc2">
      <Filter>Resource Files</Filter>
    </CustomBuild>
  </ItemGroup>
</Project>